
Microsoft Visual Studio Solution File, Format Version 12.00
# Visual Studio 15
VisualStudioVersion = 15.0.26730.8
MinimumVisualStudioVersion = 10.0.40219.1
Project("{2150E333-8FDC-42A3-9474-1A3956D46DE8}") = "src", "src", "{A1A621CE-AABC-4D20-9165-EB127EFDC645}"
EndProject
Project("{FAE04EC0-301F-11D3-BF4B-00C04F79EFBC}") = "Toggle.Api", "src\Toggle.Api\Toggle.Api.csproj", "{9CCBFF49-C456-447A-8209-F9876377A501}"
EndProject
Project("{FAE04EC0-301F-11D3-BF4B-00C04F79EFBC}") = "Toggle.Domain", "src\Toggle.Domain\Toggle.Domain.csproj", "{2D33147C-7AFB-4405-A83C-4BD6192E133B}"
EndProject
Project("{FAE04EC0-301F-11D3-BF4B-00C04F79EFBC}") = "Toggle.Infra", "src\Toggle.Infra\Toggle.Infra.csproj", "{EE33BF3D-15CD-4A8E-9032-7BD2FA0EB870}"
EndProject
Project("{2150E333-8FDC-42A3-9474-1A3956D46DE8}") = "test", "test", "{1A4D1592-0DED-4376-AAFA-CD0F5FA864A8}"
EndProject
Project("{FAE04EC0-301F-11D3-BF4B-00C04F79EFBC}") = "Toggle.Domain.Test", "test\Toggle.Domain.Test\Toggle.Domain.Test.csproj", "{8DEBAE6E-A01E-4024-9842-F57DBA369C43}"
EndProject
Global
	GlobalSection(SolutionConfigurationPlatforms) = preSolution
		Debug|Any CPU = Debug|Any CPU
		Release|Any CPU = Release|Any CPU
	EndGlobalSection
	GlobalSection(ProjectConfigurationPlatforms) = postSolution
		{9CCBFF49-C456-447A-8209-F9876377A501}.Debug|Any CPU.ActiveCfg = Debug|Any CPU
		{9CCBFF49-C456-447A-8209-F9876377A501}.Debug|Any CPU.Build.0 = Debug|Any CPU
		{9CCBFF49-C456-447A-8209-F9876377A501}.Release|Any CPU.ActiveCfg = Release|Any CPU
		{9CCBFF49-C456-447A-8209-F9876377A501}.Release|Any CPU.Build.0 = Release|Any CPU
		{2D33147C-7AFB-4405-A83C-4BD6192E133B}.Debug|Any CPU.ActiveCfg = Debug|Any CPU
		{2D33147C-7AFB-4405-A83C-4BD6192E133B}.Debug|Any CPU.Build.0 = Debug|Any CPU
		{2D33147C-7AFB-4405-A83C-4BD6192E133B}.Release|Any CPU.ActiveCfg = Release|Any CPU
		{2D33147C-7AFB-4405-A83C-4BD6192E133B}.Release|Any CPU.Build.0 = Release|Any CPU
		{EE33BF3D-15CD-4A8E-9032-7BD2FA0EB870}.Debug|Any CPU.ActiveCfg = Debug|Any CPU
		{EE33BF3D-15CD-4A8E-9032-7BD2FA0EB870}.Debug|Any CPU.Build.0 = Debug|Any CPU
		{EE33BF3D-15CD-4A8E-9032-7BD2FA0EB870}.Release|Any CPU.ActiveCfg = Release|Any CPU
		{EE33BF3D-15CD-4A8E-9032-7BD2FA0EB870}.Release|Any CPU.Build.0 = Release|Any CPU
		{8DEBAE6E-A01E-4024-9842-F57DBA369C43}.Debug|Any CPU.ActiveCfg = Debug|Any CPU
		{8DEBAE6E-A01E-4024-9842-F57DBA369C43}.Debug|Any CPU.Build.0 = Debug|Any CPU
		{8DEBAE6E-A01E-4024-9842-F57DBA369C43}.Release|Any CPU.ActiveCfg = Release|Any CPU
		{8DEBAE6E-A01E-4024-9842-F57DBA369C43}.Release|Any CPU.Build.0 = Release|Any CPU
	EndGlobalSection
	GlobalSection(SolutionProperties) = preSolution
		HideSolutionNode = FALSE
	EndGlobalSection
	GlobalSection(NestedProjects) = preSolution
		{9CCBFF49-C456-447A-8209-F9876377A501} = {A1A621CE-AABC-4D20-9165-EB127EFDC645}
		{2D33147C-7AFB-4405-A83C-4BD6192E133B} = {A1A621CE-AABC-4D20-9165-EB127EFDC645}
		{EE33BF3D-15CD-4A8E-9032-7BD2FA0EB870} = {A1A621CE-AABC-4D20-9165-EB127EFDC645}
		{8DEBAE6E-A01E-4024-9842-F57DBA369C43} = {1A4D1592-0DED-4376-AAFA-CD0F5FA864A8}
	EndGlobalSection
	GlobalSection(ExtensibilityGlobals) = postSolution
		SolutionGuid = {7627588D-3455-4EEE-8A38-3A52D364B522}
	EndGlobalSection
EndGlobal
